# This file is autogenerated, do not edit; changes may be undone by the next 'dep ensure'.


[[projects]]
  branch = "master"
  name = "github.com/agl/ed25519"
  packages = [
    ".",
    "edwards25519"
  ]
  revision = "5312a61534124124185d41f09206b9fef1d88403"

[[projects]]
  branch = "master"
  name = "github.com/btcsuite/btclog"
  packages = ["."]
  revision = "84c8d2346e9fc8c7b947e243b9c24e6df9fd206a"

[[projects]]
  branch = "master"
  name = "github.com/btcsuite/go-flags"
  packages = ["."]
  revision = "6c288d648c1cc1befcb90cb5511dcacf64ae8e61"

[[projects]]
  branch = "master"
  name = "github.com/btcsuite/go-socks"
  packages = ["socks"]
  revision = "4720035b7bfd2a9bb130b1c184f8bbe41b6f0d0f"

[[projects]]
  branch = "master"
  name = "github.com/btcsuite/websocket"
  packages = ["."]
  revision = "31079b6807923eb23992c421b114992b95131b55"

[[projects]]
  branch = "master"
  name = "github.com/dchest/blake256"
  packages = ["."]
  revision = "dee3fe6eb0e98dc774a94fc231f85baf7c29d360"

[[projects]]
  branch = "master"
  name = "github.com/hybridnetwork/bliss"
  packages = [
    ".",
    "huffman",
    "params",
    "poly",
    "sampler"
  ]
  revision = "57f23f8b21e389f93dec6ab8cf1256139cf76b8f"

[[projects]]
  branch = "testnet1"
  name = "github.com/hybridnetwork/hxd"
  packages = [
    "blockchain/stake",
    "blockchain/stake/internal/dbnamespace",
    "blockchain/stake/internal/ticketdb",
    "blockchain/stake/internal/tickettreap",
    "chaincfg",
    "chaincfg/chainec",
    "chaincfg/chainhash",
    "crypto",
    "crypto/bliss",
    "database",
    "dcrec/edwards",
    "dcrec/secp256k1",
    "dcrec/secp256k1/schnorr",
    "dcrjson",
    "txscript",
    "wire"
  ]
  revision = "0fc1aacf0126576ea7a939f856ba20a480f480af"

[[projects]]
  branch = "dev-v0.0.1"
  name = "github.com/hybridnetwork/hxrpcclient"
  packages = ["."]
  revision = "2c4485f45b98e19cbcd8de5f17cf5753a6777aa0"

[[projects]]
  branch = "dev-v0.0.1"
  name = "github.com/hybridnetwork/hxutil"
  packages = [
    ".",
    "base58"
  ]
  revision = "da30ad4f658407f91e60756aebdfb69849311b5b"

[[projects]]
  branch = "master"
  name = "github.com/jrick/logrotate"
  packages = ["rotator"]
  revision = "a93b200c26cbae3bb09dd0dc2c7c7fe1468a034a"

[[projects]]
  branch = "master"
  name = "golang.org/x/crypto"
  packages = [
    "ripemd160",
    "sha3"
  ]
  revision = "650f4a345ab4e5b245a3034b110ebc7299e68186"

[solve-meta]
  analyzer-name = "dep"
  analyzer-version = 1
  inputs-digest = "484fc9f686e4b8504e030372439ec522f185bc8e8aeb5faa9d451424fad78255"
  solver-name = "gps-cdcl"
  solver-version = 1
